{
  "name": "city",
  "version": "1.0.0",
  "lockfileVersion": 1,
  "requires": true,
  "dependencies": {
    "bresenham": {
      "version": "0.0.4",
      "resolved": "https://registry.npmjs.org/bresenham/-/bresenham-0.0.4.tgz",
      "integrity": "sha1-FX/1y2NAucVK3Tt2XFCGnox1kZM="
    },
    "earcut": {
      "version": "2.1.3",
      "resolved": "https://registry.npmjs.org/earcut/-/earcut-2.1.3.tgz",
      "integrity": "sha512-AxdCdWUk1zzK/NuZ7e1ljj6IGC+VAdC3Qb7QQDsXpfNrc5IM8tL9nNXUmEGE6jRHTfZ10zhzRhtDmWVsR5pd3A=="
    },
    "points-in-polygon": {
      "version": "0.2.1",
      "resolved": "https://registry.npmjs.org/points-in-polygon/-/points-in-polygon-0.2.1.tgz",
      "integrity": "sha1-XuxGSU7/nmMbuC1Ibqd9mp2TwF4=",
      "requires": {
        "earcut": "2.1.3",
        "points-in-triangle": "0.1.3"
      }
    },
    "points-in-triangle": {
      "version": "0.1.3",
      "resolved": "https://registry.npmjs.org/points-in-triangle/-/points-in-triangle-0.1.3.tgz",
      "integrity": "sha1-tEEVZH4i1oGZ5MBtXXxas9SIRo0=",
      "requires": {
        "bresenham": "0.0.4"
      }
    }
  }
}
